
Microsoft Visual Studio Solution File, Format Version 12.00
# Visual Studio 15
VisualStudioVersion = 15.0.26730.16
MinimumVisualStudioVersion = 10.0.40219.1
Project("{FAE04EC0-301F-11D3-BF4B-00C04F79EFBC}") = "codingclub", "codingclub\codingclub.csproj", "{AFAEEF2C-6B79-490D-9B78-04DBCD0E3532}"
EndProject
Global
	GlobalSection(SolutionConfigurationPlatforms) = preSolution
		Debug|Any CPU = Debug|Any CPU
		Release|Any CPU = Release|Any CPU
	EndGlobalSection
	GlobalSection(ProjectConfigurationPlatforms) = postSolution
		{AFAEEF2C-6B79-490D-9B78-04DBCD0E3532}.Debug|Any CPU.ActiveCfg = Debug|Any CPU
		{AFAEEF2C-6B79-490D-9B78-04DBCD0E3532}.Debug|Any CPU.Build.0 = Debug|Any CPU
		{AFAEEF2C-6B79-490D-9B78-04DBCD0E3532}.Release|Any CPU.ActiveCfg = Release|Any CPU
		{AFAEEF2C-6B79-490D-9B78-04DBCD0E3532}.Release|Any CPU.Build.0 = Release|Any CPU
	EndGlobalSection
	GlobalSection(SolutionProperties) = preSolution
		HideSolutionNode = FALSE
	EndGlobalSection
	GlobalSection(ExtensibilityGlobals) = postSolution
		SolutionGuid = {3133C67F-0BC7-4AB2-8E09-048BE364CD3D}
	EndGlobalSection
EndGlobal
